
Microsoft Visual Studio Solution File, Format Version 12.00
# Visual Studio Version 17
VisualStudioVersion = 17.14.36518.9
MinimumVisualStudioVersion = 10.0.40219.1
Project("{2150E333-8FDC-42A3-9474-1A3956D46DE8}") = "src", "src", "{02EA681E-C7D8-13C7-8484-4AC65E1B71E8}"
EndProject
Project("{2150E333-8FDC-42A3-9474-1A3956D46DE8}") = "2- DistributedServices", "2- DistributedServices", "{BD61077C-97E4-46E3-BED7-2EA325AB66E4}"
EndProject
Project("{2150E333-8FDC-42A3-9474-1A3956D46DE8}") = "3- Core", "3- Core", "{AEB2A284-48B4-430C-985B-D1878A15DF2C}"
EndProject
Project("{2150E333-8FDC-42A3-9474-1A3956D46DE8}") = "4 - Infrastructure", "4 - Infrastructure", "{A4CDBC53-0B44-4A17-A986-E40A3ADF1814}"
EndProject
Project("{FAE04EC0-301F-11D3-BF4B-00C04F79EFBC}") = "infrastructure", "infrastructure\infrastructure\infrastructure.csproj", "{90327BCE-1B5E-2ED7-C3F4-CEE86A9C2A14}"
EndProject
Project("{FAE04EC0-301F-11D3-BF4B-00C04F79EFBC}") = "Domain", "domain\Domain.csproj", "{E528BBC3-1C26-8C35-F682-23718816ADCD}"
EndProject
Project("{FAE04EC0-301F-11D3-BF4B-00C04F79EFBC}") = "CoreLibrary", "CoreLibrary\CoreLibrary.csproj", "{4BB95B03-8D65-77DA-EBA4-9B5FCF75AFF1}"
EndProject
Project("{2150E333-8FDC-42A3-9474-1A3956D46DE8}") = "1 - Client", "1 - Client", "{A000C1B4-C523-410B-A8AD-E3C4694CD753}"
EndProject
Project("{FAE04EC0-301F-11D3-BF4B-00C04F79EFBC}") = "TriviaGameApi", "TriviaGameApi\TriviaGameApi.csproj", "{18423BBB-7B13-4313-9AF9-0F324BF9CAB4}"
EndProject
Project("{FAE04EC0-301F-11D3-BF4B-00C04F79EFBC}") = "TriviaGame", "TriviaGame\TriviaGame.csproj", "{85F78AAA-FB86-4C11-AACB-B683F4BFF15F}"
EndProject
Project("{2150E333-8FDC-42A3-9474-1A3956D46DE8}") = "5- Services", "5- Services", "{BF93B062-0D3F-48B5-8FE4-09F000DD6253}"
EndProject
Project("{FAE04EC0-301F-11D3-BF4B-00C04F79EFBC}") = "Services", "Services\Services.csproj", "{0294C234-F149-4B28-97AD-C87F54E0226F}"
EndProject
Global
	GlobalSection(SolutionConfigurationPlatforms) = preSolution
		Debug|Any CPU = Debug|Any CPU
		Release|Any CPU = Release|Any CPU
	EndGlobalSection
	GlobalSection(ProjectConfigurationPlatforms) = postSolution
		{90327BCE-1B5E-2ED7-C3F4-CEE86A9C2A14}.Debug|Any CPU.ActiveCfg = Debug|Any CPU
		{90327BCE-1B5E-2ED7-C3F4-CEE86A9C2A14}.Debug|Any CPU.Build.0 = Debug|Any CPU
		{90327BCE-1B5E-2ED7-C3F4-CEE86A9C2A14}.Release|Any CPU.ActiveCfg = Release|Any CPU
		{90327BCE-1B5E-2ED7-C3F4-CEE86A9C2A14}.Release|Any CPU.Build.0 = Release|Any CPU
		{E528BBC3-1C26-8C35-F682-23718816ADCD}.Debug|Any CPU.ActiveCfg = Debug|Any CPU
		{E528BBC3-1C26-8C35-F682-23718816ADCD}.Debug|Any CPU.Build.0 = Debug|Any CPU
		{E528BBC3-1C26-8C35-F682-23718816ADCD}.Release|Any CPU.ActiveCfg = Release|Any CPU
		{E528BBC3-1C26-8C35-F682-23718816ADCD}.Release|Any CPU.Build.0 = Release|Any CPU
		{4BB95B03-8D65-77DA-EBA4-9B5FCF75AFF1}.Debug|Any CPU.ActiveCfg = Debug|Any CPU
		{4BB95B03-8D65-77DA-EBA4-9B5FCF75AFF1}.Debug|Any CPU.Build.0 = Debug|Any CPU
		{4BB95B03-8D65-77DA-EBA4-9B5FCF75AFF1}.Release|Any CPU.ActiveCfg = Release|Any CPU
		{4BB95B03-8D65-77DA-EBA4-9B5FCF75AFF1}.Release|Any CPU.Build.0 = Release|Any CPU
		{18423BBB-7B13-4313-9AF9-0F324BF9CAB4}.Debug|Any CPU.ActiveCfg = Debug|Any CPU
		{18423BBB-7B13-4313-9AF9-0F324BF9CAB4}.Debug|Any CPU.Build.0 = Debug|Any CPU
		{18423BBB-7B13-4313-9AF9-0F324BF9CAB4}.Release|Any CPU.ActiveCfg = Release|Any CPU
		{18423BBB-7B13-4313-9AF9-0F324BF9CAB4}.Release|Any CPU.Build.0 = Release|Any CPU
		{85F78AAA-FB86-4C11-AACB-B683F4BFF15F}.Debug|Any CPU.ActiveCfg = Debug|Any CPU
		{85F78AAA-FB86-4C11-AACB-B683F4BFF15F}.Debug|Any CPU.Build.0 = Debug|Any CPU
		{85F78AAA-FB86-4C11-AACB-B683F4BFF15F}.Release|Any CPU.ActiveCfg = Release|Any CPU
		{85F78AAA-FB86-4C11-AACB-B683F4BFF15F}.Release|Any CPU.Build.0 = Release|Any CPU
		{0294C234-F149-4B28-97AD-C87F54E0226F}.Debug|Any CPU.ActiveCfg = Debug|Any CPU
		{0294C234-F149-4B28-97AD-C87F54E0226F}.Debug|Any CPU.Build.0 = Debug|Any CPU
		{0294C234-F149-4B28-97AD-C87F54E0226F}.Release|Any CPU.ActiveCfg = Release|Any CPU
		{0294C234-F149-4B28-97AD-C87F54E0226F}.Release|Any CPU.Build.0 = Release|Any CPU
	EndGlobalSection
	GlobalSection(SolutionProperties) = preSolution
		HideSolutionNode = FALSE
	EndGlobalSection
	GlobalSection(NestedProjects) = preSolution
		{BD61077C-97E4-46E3-BED7-2EA325AB66E4} = {02EA681E-C7D8-13C7-8484-4AC65E1B71E8}
		{AEB2A284-48B4-430C-985B-D1878A15DF2C} = {02EA681E-C7D8-13C7-8484-4AC65E1B71E8}
		{A4CDBC53-0B44-4A17-A986-E40A3ADF1814} = {02EA681E-C7D8-13C7-8484-4AC65E1B71E8}
		{90327BCE-1B5E-2ED7-C3F4-CEE86A9C2A14} = {A4CDBC53-0B44-4A17-A986-E40A3ADF1814}
		{E528BBC3-1C26-8C35-F682-23718816ADCD} = {AEB2A284-48B4-430C-985B-D1878A15DF2C}
		{4BB95B03-8D65-77DA-EBA4-9B5FCF75AFF1} = {AEB2A284-48B4-430C-985B-D1878A15DF2C}
		{A000C1B4-C523-410B-A8AD-E3C4694CD753} = {02EA681E-C7D8-13C7-8484-4AC65E1B71E8}
		{18423BBB-7B13-4313-9AF9-0F324BF9CAB4} = {BD61077C-97E4-46E3-BED7-2EA325AB66E4}
		{85F78AAA-FB86-4C11-AACB-B683F4BFF15F} = {A000C1B4-C523-410B-A8AD-E3C4694CD753}
		{BF93B062-0D3F-48B5-8FE4-09F000DD6253} = {02EA681E-C7D8-13C7-8484-4AC65E1B71E8}
		{0294C234-F149-4B28-97AD-C87F54E0226F} = {BF93B062-0D3F-48B5-8FE4-09F000DD6253}
	EndGlobalSection
	GlobalSection(ExtensibilityGlobals) = postSolution
		SolutionGuid = {ADAD50E6-D20B-4245-97B2-B4CAD2A6C916}
	EndGlobalSection
EndGlobal
